
Microsoft Visual Studio Solution File, Format Version 12.00
# Visual Studio Version 17
VisualStudioVersion = 17.10.35004.147
MinimumVisualStudioVersion = 10.0.40219.1
Project("{2150E333-8FDC-42A3-9474-1A3956D46DE8}") = "src", "src", "{A2B78529-5900-444F-A631-4904076A8919}"
EndProject
Project("{2150E333-8FDC-42A3-9474-1A3956D46DE8}") = "tests", "tests", "{37E03F73-1E69-41E9-A05E-44A626E3EFF3}"
EndProject
Project("{FAE04EC0-301F-11D3-BF4B-00C04F79EFBC}") = "FC.Codeflix.Catalog.UnitTests", "FC.Codeflix.Catalog.UnitTests\FC.Codeflix.Catalog.UnitTests.csproj", "{72B3D9F7-E6FB-448E-8CE9-3645670CC463}"
EndProject
Project("{FAE04EC0-301F-11D3-BF4B-00C04F79EFBC}") = "FC.Codeflix.Catalog.Domain", "src\FC.Codeflix.Catalog.Domain\FC.Codeflix.Catalog.Domain.csproj", "{AAF08237-CAD8-4CB2-A89C-1CA1DBA5307C}"
EndProject
Global
	GlobalSection(SolutionConfigurationPlatforms) = preSolution
		Debug|Any CPU = Debug|Any CPU
		Release|Any CPU = Release|Any CPU
	EndGlobalSection
	GlobalSection(ProjectConfigurationPlatforms) = postSolution
		{72B3D9F7-E6FB-448E-8CE9-3645670CC463}.Debug|Any CPU.ActiveCfg = Debug|Any CPU
		{72B3D9F7-E6FB-448E-8CE9-3645670CC463}.Debug|Any CPU.Build.0 = Debug|Any CPU
		{72B3D9F7-E6FB-448E-8CE9-3645670CC463}.Release|Any CPU.ActiveCfg = Release|Any CPU
		{72B3D9F7-E6FB-448E-8CE9-3645670CC463}.Release|Any CPU.Build.0 = Release|Any CPU
		{AAF08237-CAD8-4CB2-A89C-1CA1DBA5307C}.Debug|Any CPU.ActiveCfg = Debug|Any CPU
		{AAF08237-CAD8-4CB2-A89C-1CA1DBA5307C}.Debug|Any CPU.Build.0 = Debug|Any CPU
		{AAF08237-CAD8-4CB2-A89C-1CA1DBA5307C}.Release|Any CPU.ActiveCfg = Release|Any CPU
		{AAF08237-CAD8-4CB2-A89C-1CA1DBA5307C}.Release|Any CPU.Build.0 = Release|Any CPU
	EndGlobalSection
	GlobalSection(SolutionProperties) = preSolution
		HideSolutionNode = FALSE
	EndGlobalSection
	GlobalSection(NestedProjects) = preSolution
		{72B3D9F7-E6FB-448E-8CE9-3645670CC463} = {37E03F73-1E69-41E9-A05E-44A626E3EFF3}
		{AAF08237-CAD8-4CB2-A89C-1CA1DBA5307C} = {A2B78529-5900-444F-A631-4904076A8919}
	EndGlobalSection
	GlobalSection(ExtensibilityGlobals) = postSolution
		SolutionGuid = {66C6E168-5EA6-4D79-A0B9-6F7BC0A96705}
	EndGlobalSection
EndGlobal
